{
  "originHash" : "5fd81b8287f13320a08ff1c3cb1ac3abb9ed781411929701bb8d8004e8035028",
  "pins" : [
    {
      "identity" : "groceryappshareddto",
      "kind" : "remoteSourceControl",
      "location" : "https://github.com/Rychillie/GroceryAppSharedDTO.git",
      "state" : {
        "branch" : "main",
        "revision" : "5a2a20385c827f9a1320ad2f396cbf828cbe991f"
      }
    }
  ],
  "version" : 3
}
